
Microsoft Visual Studio Solution File, Format Version 12.00
# Visual Studio Version 17
VisualStudioVersion = 17.0.31912.275
MinimumVisualStudioVersion = 10.0.40219.1
Project("{FAE04EC0-301F-11D3-BF4B-00C04F79EFBC}") = "ServerWatch", "ServerWatch\ServerWatch.csproj", "{064DB36A-0C9D-4B15-AE7A-A9F64A9F5483}"
EndProject
Global
	GlobalSection(SolutionConfigurationPlatforms) = preSolution
		Debug|Any CPU = Debug|Any CPU
		Release|Any CPU = Release|Any CPU
	EndGlobalSection
	GlobalSection(ProjectConfigurationPlatforms) = postSolution
		{064DB36A-0C9D-4B15-AE7A-A9F64A9F5483}.Debug|Any CPU.ActiveCfg = Debug|Any CPU
		{064DB36A-0C9D-4B15-AE7A-A9F64A9F5483}.Debug|Any CPU.Build.0 = Debug|Any CPU
		{064DB36A-0C9D-4B15-AE7A-A9F64A9F5483}.Release|Any CPU.ActiveCfg = Release|Any CPU
		{064DB36A-0C9D-4B15-AE7A-A9F64A9F5483}.Release|Any CPU.Build.0 = Release|Any CPU
	EndGlobalSection
	GlobalSection(SolutionProperties) = preSolution
		HideSolutionNode = FALSE
	EndGlobalSection
	GlobalSection(ExtensibilityGlobals) = postSolution
		SolutionGuid = {D408016D-11B9-40A9-AD53-57A3002A9F46}
	EndGlobalSection
EndGlobal
